
Microsoft Visual Studio Solution File, Format Version 12.00
# Visual Studio Version 17
VisualStudioVersion = 17.13.35818.85 d17.13
MinimumVisualStudioVersion = 10.0.40219.1
Project("{FAE04EC0-301F-11D3-BF4B-00C04F79EFBC}") = "CollegeUnitTest", "CollegeUnitTest\CollegeUnitTest.csproj", "{5532EE2B-74CB-498B-9D11-58E0EEF18E1B}"
EndProject
Project("{FAE04EC0-301F-11D3-BF4B-00C04F79EFBC}") = "MyLib", "MyLib\MyLib.csproj", "{A644DAFE-A10B-48D5-B579-2B926AEB2C36}"
EndProject
Global
	GlobalSection(SolutionConfigurationPlatforms) = preSolution
		Debug|Any CPU = Debug|Any CPU
		Release|Any CPU = Release|Any CPU
	EndGlobalSection
	GlobalSection(ProjectConfigurationPlatforms) = postSolution
		{5532EE2B-74CB-498B-9D11-58E0EEF18E1B}.Debug|Any CPU.ActiveCfg = Debug|Any CPU
		{5532EE2B-74CB-498B-9D11-58E0EEF18E1B}.Debug|Any CPU.Build.0 = Debug|Any CPU
		{5532EE2B-74CB-498B-9D11-58E0EEF18E1B}.Release|Any CPU.ActiveCfg = Release|Any CPU
		{5532EE2B-74CB-498B-9D11-58E0EEF18E1B}.Release|Any CPU.Build.0 = Release|Any CPU
		{A644DAFE-A10B-48D5-B579-2B926AEB2C36}.Debug|Any CPU.ActiveCfg = Debug|Any CPU
		{A644DAFE-A10B-48D5-B579-2B926AEB2C36}.Debug|Any CPU.Build.0 = Debug|Any CPU
		{A644DAFE-A10B-48D5-B579-2B926AEB2C36}.Release|Any CPU.ActiveCfg = Release|Any CPU
		{A644DAFE-A10B-48D5-B579-2B926AEB2C36}.Release|Any CPU.Build.0 = Release|Any CPU
	EndGlobalSection
	GlobalSection(SolutionProperties) = preSolution
		HideSolutionNode = FALSE
	EndGlobalSection
	GlobalSection(ExtensibilityGlobals) = postSolution
		SolutionGuid = {3B5E315B-E115-4F44-8DA6-538E5352BF4F}
	EndGlobalSection
EndGlobal
