
Microsoft Visual Studio Solution File, Format Version 12.00
# Visual Studio Version 17
VisualStudioVersion = 17.14.36623.8
MinimumVisualStudioVersion = 10.0.40219.1
Project("{FAE04EC0-301F-11D3-BF4B-00C04F79EFBC}") = "Extreme2", "Extreme2\Extreme2.csproj", "{6F5FDB66-E394-4F41-B993-317E7906235B}"
EndProject
Project("{FAE04EC0-301F-11D3-BF4B-00C04F79EFBC}") = "ClassLib", "ClassLib\ClassLib.csproj", "{59E4E115-6309-4F42-ABBF-58F4BB1036C0}"
EndProject
Global
	GlobalSection(SolutionConfigurationPlatforms) = preSolution
		Debug|Any CPU = Debug|Any CPU
		Release|Any CPU = Release|Any CPU
	EndGlobalSection
	GlobalSection(ProjectConfigurationPlatforms) = postSolution
		{6F5FDB66-E394-4F41-B993-317E7906235B}.Debug|Any CPU.ActiveCfg = Debug|Any CPU
		{6F5FDB66-E394-4F41-B993-317E7906235B}.Debug|Any CPU.Build.0 = Debug|Any CPU
		{6F5FDB66-E394-4F41-B993-317E7906235B}.Release|Any CPU.ActiveCfg = Release|Any CPU
		{6F5FDB66-E394-4F41-B993-317E7906235B}.Release|Any CPU.Build.0 = Release|Any CPU
		{59E4E115-6309-4F42-ABBF-58F4BB1036C0}.Debug|Any CPU.ActiveCfg = Debug|Any CPU
		{59E4E115-6309-4F42-ABBF-58F4BB1036C0}.Debug|Any CPU.Build.0 = Debug|Any CPU
		{59E4E115-6309-4F42-ABBF-58F4BB1036C0}.Release|Any CPU.ActiveCfg = Release|Any CPU
		{59E4E115-6309-4F42-ABBF-58F4BB1036C0}.Release|Any CPU.Build.0 = Release|Any CPU
	EndGlobalSection
	GlobalSection(SolutionProperties) = preSolution
		HideSolutionNode = FALSE
	EndGlobalSection
	GlobalSection(ExtensibilityGlobals) = postSolution
		SolutionGuid = {603B95F8-D4CF-4219-A058-9F06C6C242A4}
	EndGlobalSection
EndGlobal
